
Microsoft Visual Studio Solution File, Format Version 12.00
# Visual Studio Version 17
VisualStudioVersion = 17.3.32901.215
MinimumVisualStudioVersion = 10.0.40219.1
Project("{FAE04EC0-301F-11D3-BF4B-00C04F79EFBC}") = "HTTP5112EllisChangAssg2", "HTTP5112EllisChangAssg2\HTTP5112EllisChangAssg2.csproj", "{B69E1D71-C329-4E68-AAA0-6CC237C0C55A}"
EndProject
Global
	GlobalSection(SolutionConfigurationPlatforms) = preSolution
		Debug|Any CPU = Debug|Any CPU
		Release|Any CPU = Release|Any CPU
	EndGlobalSection
	GlobalSection(ProjectConfigurationPlatforms) = postSolution
		{B69E1D71-C329-4E68-AAA0-6CC237C0C55A}.Debug|Any CPU.ActiveCfg = Debug|Any CPU
		{B69E1D71-C329-4E68-AAA0-6CC237C0C55A}.Debug|Any CPU.Build.0 = Debug|Any CPU
		{B69E1D71-C329-4E68-AAA0-6CC237C0C55A}.Release|Any CPU.ActiveCfg = Release|Any CPU
		{B69E1D71-C329-4E68-AAA0-6CC237C0C55A}.Release|Any CPU.Build.0 = Release|Any CPU
	EndGlobalSection
	GlobalSection(SolutionProperties) = preSolution
		HideSolutionNode = FALSE
	EndGlobalSection
	GlobalSection(ExtensibilityGlobals) = postSolution
		SolutionGuid = {68AC32B0-B80C-46C6-A5C6-0BFAEE89A67B}
	EndGlobalSection
EndGlobal
